
Microsoft Visual Studio Solution File, Format Version 12.00
# Visual Studio 2012
Project("{FAE04EC0-301F-11D3-BF4B-00C04F79EFBC}") = "Project_1", "Project_1\Project_1.csproj", "{B1115D15-9379-4D4B-903F-1101CC2BD453}"
EndProject
Global
	GlobalSection(SolutionConfigurationPlatforms) = preSolution
		Debug|x86 = Debug|x86
		Release|x86 = Release|x86
	EndGlobalSection
	GlobalSection(ProjectConfigurationPlatforms) = postSolution
		{B1115D15-9379-4D4B-903F-1101CC2BD453}.Debug|x86.ActiveCfg = Debug|x86
		{B1115D15-9379-4D4B-903F-1101CC2BD453}.Debug|x86.Build.0 = Debug|x86
		{B1115D15-9379-4D4B-903F-1101CC2BD453}.Release|x86.ActiveCfg = Release|x86
		{B1115D15-9379-4D4B-903F-1101CC2BD453}.Release|x86.Build.0 = Release|x86
	EndGlobalSection
EndGlobal
